
Microsoft Visual Studio Solution File, Format Version 12.00
# Visual Studio Version 17
VisualStudioVersion = 17.6.33815.320
MinimumVisualStudioVersion = 10.0.40219.1
Project("{FAE04EC0-301F-11D3-BF4B-00C04F79EFBC}") = "LibraryConsoleUI", "LibraryConsoleUI\LibraryConsoleUI.csproj", "{6EBD5A51-4DDB-496C-8817-6C3FEC8A8DF9}"
EndProject
Project("{FAE04EC0-301F-11D3-BF4B-00C04F79EFBC}") = "DocumentCabinet.Library", "DocumentCabinet.Library\DocumentCabinet.Library.csproj", "{B4F4D738-BF94-4450-8B7E-469EC83428B0}"
EndProject
Project("{FAE04EC0-301F-11D3-BF4B-00C04F79EFBC}") = "DocumentCabinet.Tests", "DocumentCabinet.Tests\DocumentCabinet.Tests.csproj", "{7C3889F7-EE05-4AFF-AD45-C2DFF9003E3B}"
EndProject
Global
	GlobalSection(SolutionConfigurationPlatforms) = preSolution
		Debug|Any CPU = Debug|Any CPU
		Release|Any CPU = Release|Any CPU
	EndGlobalSection
	GlobalSection(ProjectConfigurationPlatforms) = postSolution
		{6EBD5A51-4DDB-496C-8817-6C3FEC8A8DF9}.Debug|Any CPU.ActiveCfg = Debug|Any CPU
		{6EBD5A51-4DDB-496C-8817-6C3FEC8A8DF9}.Debug|Any CPU.Build.0 = Debug|Any CPU
		{6EBD5A51-4DDB-496C-8817-6C3FEC8A8DF9}.Release|Any CPU.ActiveCfg = Release|Any CPU
		{6EBD5A51-4DDB-496C-8817-6C3FEC8A8DF9}.Release|Any CPU.Build.0 = Release|Any CPU
		{B4F4D738-BF94-4450-8B7E-469EC83428B0}.Debug|Any CPU.ActiveCfg = Debug|Any CPU
		{B4F4D738-BF94-4450-8B7E-469EC83428B0}.Debug|Any CPU.Build.0 = Debug|Any CPU
		{B4F4D738-BF94-4450-8B7E-469EC83428B0}.Release|Any CPU.ActiveCfg = Release|Any CPU
		{B4F4D738-BF94-4450-8B7E-469EC83428B0}.Release|Any CPU.Build.0 = Release|Any CPU
		{7C3889F7-EE05-4AFF-AD45-C2DFF9003E3B}.Debug|Any CPU.ActiveCfg = Debug|Any CPU
		{7C3889F7-EE05-4AFF-AD45-C2DFF9003E3B}.Debug|Any CPU.Build.0 = Debug|Any CPU
		{7C3889F7-EE05-4AFF-AD45-C2DFF9003E3B}.Release|Any CPU.ActiveCfg = Release|Any CPU
		{7C3889F7-EE05-4AFF-AD45-C2DFF9003E3B}.Release|Any CPU.Build.0 = Release|Any CPU
	EndGlobalSection
	GlobalSection(SolutionProperties) = preSolution
		HideSolutionNode = FALSE
	EndGlobalSection
	GlobalSection(ExtensibilityGlobals) = postSolution
		SolutionGuid = {CA18C725-FC5F-4266-9FBD-EEC8773C4137}
	EndGlobalSection
EndGlobal
