
Microsoft Visual Studio Solution File, Format Version 12.00
# Visual Studio Version 17
VisualStudioVersion = 17.6.33815.320
MinimumVisualStudioVersion = 10.0.40219.1
Project("{FAE04EC0-301F-11D3-BF4B-00C04F79EFBC}") = "Binary", "Binary\Binary.csproj", "{678554CC-FB42-44DF-9167-3DDFD9CCC0F2}"
EndProject
Project("{FAE04EC0-301F-11D3-BF4B-00C04F79EFBC}") = "XML", "XML\XML.csproj", "{6E9082C1-E2FB-4B92-92A2-F8D11FA44EE3}"
EndProject
Project("{FAE04EC0-301F-11D3-BF4B-00C04F79EFBC}") = "JSON", "JSON\JSON.csproj", "{3D5C7C74-6A64-42A8-946C-9F4D9DD9E76D}"
EndProject
Project("{FAE04EC0-301F-11D3-BF4B-00C04F79EFBC}") = "Serialization.Library", "Serialization.Library\Serialization.Library.csproj", "{249D0FC2-C324-494F-B72D-DC14F845DFEB}"
EndProject
Global
	GlobalSection(SolutionConfigurationPlatforms) = preSolution
		Debug|Any CPU = Debug|Any CPU
		Release|Any CPU = Release|Any CPU
	EndGlobalSection
	GlobalSection(ProjectConfigurationPlatforms) = postSolution
		{678554CC-FB42-44DF-9167-3DDFD9CCC0F2}.Debug|Any CPU.ActiveCfg = Debug|Any CPU
		{678554CC-FB42-44DF-9167-3DDFD9CCC0F2}.Debug|Any CPU.Build.0 = Debug|Any CPU
		{678554CC-FB42-44DF-9167-3DDFD9CCC0F2}.Release|Any CPU.ActiveCfg = Release|Any CPU
		{678554CC-FB42-44DF-9167-3DDFD9CCC0F2}.Release|Any CPU.Build.0 = Release|Any CPU
		{6E9082C1-E2FB-4B92-92A2-F8D11FA44EE3}.Debug|Any CPU.ActiveCfg = Debug|Any CPU
		{6E9082C1-E2FB-4B92-92A2-F8D11FA44EE3}.Debug|Any CPU.Build.0 = Debug|Any CPU
		{6E9082C1-E2FB-4B92-92A2-F8D11FA44EE3}.Release|Any CPU.ActiveCfg = Release|Any CPU
		{6E9082C1-E2FB-4B92-92A2-F8D11FA44EE3}.Release|Any CPU.Build.0 = Release|Any CPU
		{3D5C7C74-6A64-42A8-946C-9F4D9DD9E76D}.Debug|Any CPU.ActiveCfg = Debug|Any CPU
		{3D5C7C74-6A64-42A8-946C-9F4D9DD9E76D}.Debug|Any CPU.Build.0 = Debug|Any CPU
		{3D5C7C74-6A64-42A8-946C-9F4D9DD9E76D}.Release|Any CPU.ActiveCfg = Release|Any CPU
		{3D5C7C74-6A64-42A8-946C-9F4D9DD9E76D}.Release|Any CPU.Build.0 = Release|Any CPU
		{249D0FC2-C324-494F-B72D-DC14F845DFEB}.Debug|Any CPU.ActiveCfg = Debug|Any CPU
		{249D0FC2-C324-494F-B72D-DC14F845DFEB}.Debug|Any CPU.Build.0 = Debug|Any CPU
		{249D0FC2-C324-494F-B72D-DC14F845DFEB}.Release|Any CPU.ActiveCfg = Release|Any CPU
		{249D0FC2-C324-494F-B72D-DC14F845DFEB}.Release|Any CPU.Build.0 = Release|Any CPU
	EndGlobalSection
	GlobalSection(SolutionProperties) = preSolution
		HideSolutionNode = FALSE
	EndGlobalSection
	GlobalSection(ExtensibilityGlobals) = postSolution
		SolutionGuid = {91DC9450-BA3F-4279-8D2F-F727F5F1AE0A}
	EndGlobalSection
EndGlobal
