
Microsoft Visual Studio Solution File, Format Version 12.00
# Visual Studio Version 17
VisualStudioVersion = 17.5.33530.505
MinimumVisualStudioVersion = 10.0.40219.1
Project("{9A19103F-16F7-4668-BE54-9A1E7A4F7556}") = "HelloWorldConsoleApp", "HelloWorldConsoleApp\HelloWorldConsoleApp.csproj", "{B0F34A65-E465-440D-B7A9-F01E1AAA2BAC}"
EndProject
Project("{FAE04EC0-301F-11D3-BF4B-00C04F79EFBC}") = "HelloWorldWinForms", "HelloWorldWinForms\HelloWorldWinForms.csproj", "{97A6C261-FE8F-483E-B838-D0948122D0FB}"
EndProject
Project("{FAE04EC0-301F-11D3-BF4B-00C04F79EFBC}") = "HelloWorldWPF", "HelloWorldWPF\HelloWorldWPF.csproj", "{044EF257-4AB1-4CF3-83A5-C2330D1316BE}"
EndProject
Project("{FAE04EC0-301F-11D3-BF4B-00C04F79EFBC}") = "HelloWorldLibrary", "HelloWorldLibrary\HelloWorldLibrary.csproj", "{8D2F16D6-8094-48B3-8796-C0D798E0787C}"
EndProject
Global
	GlobalSection(SolutionConfigurationPlatforms) = preSolution
		Debug|Any CPU = Debug|Any CPU
		Release|Any CPU = Release|Any CPU
	EndGlobalSection
	GlobalSection(ProjectConfigurationPlatforms) = postSolution
		{B0F34A65-E465-440D-B7A9-F01E1AAA2BAC}.Debug|Any CPU.ActiveCfg = Debug|Any CPU
		{B0F34A65-E465-440D-B7A9-F01E1AAA2BAC}.Debug|Any CPU.Build.0 = Debug|Any CPU
		{B0F34A65-E465-440D-B7A9-F01E1AAA2BAC}.Release|Any CPU.ActiveCfg = Release|Any CPU
		{B0F34A65-E465-440D-B7A9-F01E1AAA2BAC}.Release|Any CPU.Build.0 = Release|Any CPU
		{97A6C261-FE8F-483E-B838-D0948122D0FB}.Debug|Any CPU.ActiveCfg = Debug|Any CPU
		{97A6C261-FE8F-483E-B838-D0948122D0FB}.Debug|Any CPU.Build.0 = Debug|Any CPU
		{97A6C261-FE8F-483E-B838-D0948122D0FB}.Release|Any CPU.ActiveCfg = Release|Any CPU
		{97A6C261-FE8F-483E-B838-D0948122D0FB}.Release|Any CPU.Build.0 = Release|Any CPU
		{044EF257-4AB1-4CF3-83A5-C2330D1316BE}.Debug|Any CPU.ActiveCfg = Debug|Any CPU
		{044EF257-4AB1-4CF3-83A5-C2330D1316BE}.Debug|Any CPU.Build.0 = Debug|Any CPU
		{044EF257-4AB1-4CF3-83A5-C2330D1316BE}.Release|Any CPU.ActiveCfg = Release|Any CPU
		{044EF257-4AB1-4CF3-83A5-C2330D1316BE}.Release|Any CPU.Build.0 = Release|Any CPU
		{8D2F16D6-8094-48B3-8796-C0D798E0787C}.Debug|Any CPU.ActiveCfg = Debug|Any CPU
		{8D2F16D6-8094-48B3-8796-C0D798E0787C}.Debug|Any CPU.Build.0 = Debug|Any CPU
		{8D2F16D6-8094-48B3-8796-C0D798E0787C}.Release|Any CPU.ActiveCfg = Release|Any CPU
		{8D2F16D6-8094-48B3-8796-C0D798E0787C}.Release|Any CPU.Build.0 = Release|Any CPU
	EndGlobalSection
	GlobalSection(SolutionProperties) = preSolution
		HideSolutionNode = FALSE
	EndGlobalSection
	GlobalSection(ExtensibilityGlobals) = postSolution
		SolutionGuid = {8C3BD186-E355-4339-8968-CB072C8DAAFB}
	EndGlobalSection
EndGlobal
