
Microsoft Visual Studio Solution File, Format Version 12.00
# Visual Studio Version 17
VisualStudioVersion = 17.5.33627.172
MinimumVisualStudioVersion = 10.0.40219.1
Project("{FAE04EC0-301F-11D3-BF4B-00C04F79EFBC}") = "ConfigurationAttribute", "ConfigurationAttribute\ConfigurationAttribute.csproj", "{3E09B2E6-D424-4C22-8127-7AD191E19047}"
EndProject
Global
	GlobalSection(SolutionConfigurationPlatforms) = preSolution
		Debug|Any CPU = Debug|Any CPU
		Release|Any CPU = Release|Any CPU
	EndGlobalSection
	GlobalSection(ProjectConfigurationPlatforms) = postSolution
		{3E09B2E6-D424-4C22-8127-7AD191E19047}.Debug|Any CPU.ActiveCfg = Debug|Any CPU
		{3E09B2E6-D424-4C22-8127-7AD191E19047}.Debug|Any CPU.Build.0 = Debug|Any CPU
		{3E09B2E6-D424-4C22-8127-7AD191E19047}.Release|Any CPU.ActiveCfg = Release|Any CPU
		{3E09B2E6-D424-4C22-8127-7AD191E19047}.Release|Any CPU.Build.0 = Release|Any CPU
	EndGlobalSection
	GlobalSection(SolutionProperties) = preSolution
		HideSolutionNode = FALSE
	EndGlobalSection
	GlobalSection(ExtensibilityGlobals) = postSolution
		SolutionGuid = {6E136F9C-F904-4E88-B3D0-12FEA3F2B25B}
	EndGlobalSection
EndGlobal
